{
  "nodes": {
    "emacs-overlay": {
      "inputs": {
        "flake-utils": "flake-utils",
        "nixpkgs": [
          "nixpkgs"
        ]
      },
      "locked": {
        "lastModified": 1682788987,
        "narHash": "sha256-DC6Ih040ndwT1cI5Bj2Y10J8BvxBW8abzHOoqhpJu8I=",
        "owner": "nix-community",
        "repo": "emacs-overlay",
        "rev": "405d1e75811d96bb177dabfe6d813e921866b014",
        "type": "github"
      },
      "original": {
        "owner": "nix-community",
        "repo": "emacs-overlay",
        "type": "github"
      }
    },
    "flake-utils": {
      "locked": {
        "lastModified": 1667395993,
        "narHash": "sha256-nuEHfE/LcWyuSWnS8t12N1wc105Qtau+/OdUAjtQ0rA=",
        "owner": "numtide",
        "repo": "flake-utils",
        "rev": "5aed5285a952e0b949eb3ba02c12fa4fcfef535f",
        "type": "github"
      },
      "original": {
        "owner": "numtide",
        "repo": "flake-utils",
        "type": "github"
      }
    },
    "nixpkgs": {
      "locked": {
        "lastModified": 1682779028,
        "narHash": "sha256-tFfSbwSLobpHRznAa35KEU3R+fsFWTlmpFhTUdXq8RE=",
        "owner": "nixos",
        "repo": "nixpkgs",
        "rev": "54abe781c482f51ff4ff534ebaba77db5bd97442",
        "type": "github"
      },
      "original": {
        "owner": "nixos",
        "ref": "nixpkgs-unstable",
        "repo": "nixpkgs",
        "type": "github"
      }
    },
    "root": {
      "inputs": {
        "emacs-overlay": "emacs-overlay",
        "nixpkgs": "nixpkgs"
      }
    }
  },
  "root": "root",
  "version": 7
}
