{
  "nodes": {
    "emacs-overlay": {
      "inputs": {
        "flake-utils": "flake-utils",
        "nixpkgs": "nixpkgs"
      },
      "locked": {
        "lastModified": 1665516664,
        "narHash": "sha256-2sZ5KEKmmKyCDvpR1ldFqpACBlgAuZb6wmer7cC4VKw=",
        "owner": "nix-community",
        "repo": "emacs-overlay",
        "rev": "f5dd8b46c50a2d22c450c9628b955f970412cc8c",
        "type": "github"
      },
      "original": {
        "owner": "nix-community",
        "repo": "emacs-overlay",
        "type": "github"
      }
    },
    "fenix": {
      "inputs": {
        "nixpkgs": [
          "nixpkgs"
        ],
        "rust-analyzer-src": "rust-analyzer-src"
      },
      "locked": {
        "lastModified": 1665470981,
        "narHash": "sha256-ybKBuDqIq4ZDa1QQqkDVDYewUuxPGs3akEWuhEF2ltw=",
        "owner": "nix-community",
        "repo": "fenix",
        "rev": "0ba1e28f8810df02d9cd20e05b1957a782c7d9d1",
        "type": "github"
      },
      "original": {
        "owner": "nix-community",
        "repo": "fenix",
        "type": "github"
      }
    },
    "flake-utils": {
      "locked": {
        "lastModified": 1659877975,
        "narHash": "sha256-zllb8aq3YO3h8B/U0/J1WBgAL8EX5yWf5pMj3G0NAmc=",
        "owner": "numtide",
        "repo": "flake-utils",
        "rev": "c0e246b9b83f637f4681389ecabcb2681b4f3af0",
        "type": "github"
      },
      "original": {
        "owner": "numtide",
        "repo": "flake-utils",
        "type": "github"
      }
    },
    "flake-utils_2": {
      "locked": {
        "lastModified": 1659877975,
        "narHash": "sha256-zllb8aq3YO3h8B/U0/J1WBgAL8EX5yWf5pMj3G0NAmc=",
        "owner": "numtide",
        "repo": "flake-utils",
        "rev": "c0e246b9b83f637f4681389ecabcb2681b4f3af0",
        "type": "github"
      },
      "original": {
        "owner": "numtide",
        "repo": "flake-utils",
        "type": "github"
      }
    },
    "naersk": {
      "inputs": {
        "nixpkgs": "nixpkgs_2"
      },
      "locked": {
        "lastModified": 1662220400,
        "narHash": "sha256-9o2OGQqu4xyLZP9K6kNe1pTHnyPz0Wr3raGYnr9AIgY=",
        "owner": "nmattia",
        "repo": "naersk",
        "rev": "6944160c19cb591eb85bbf9b2f2768a935623ed3",
        "type": "github"
      },
      "original": {
        "owner": "nmattia",
        "repo": "naersk",
        "type": "github"
      }
    },
    "nixpkgs": {
      "locked": {
        "lastModified": 1664432844,
        "narHash": "sha256-/7YydlQfYeSN//5Q/nceSDeeBa5ZuO5c8wv9IULbOPg=",
        "path": "/nix/store/v9pyldw4mn8w9qszygk9xb31ak0dgbkr-source",
        "rev": "c4d0026e7346ad2006c2ba730d5a712c18195aab",
        "type": "path"
      },
      "original": {
        "id": "nixpkgs",
        "type": "indirect"
      }
    },
    "nixpkgs_2": {
      "locked": {
        "lastModified": 1664432844,
        "narHash": "sha256-/7YydlQfYeSN//5Q/nceSDeeBa5ZuO5c8wv9IULbOPg=",
        "path": "/nix/store/v9pyldw4mn8w9qszygk9xb31ak0dgbkr-source",
        "rev": "c4d0026e7346ad2006c2ba730d5a712c18195aab",
        "type": "path"
      },
      "original": {
        "id": "nixpkgs",
        "type": "indirect"
      }
    },
    "nixpkgs_3": {
      "locked": {
        "lastModified": 1665520658,
        "narHash": "sha256-5WWQivDZ7xhTP7phbXAlb2eeVhVEKr8et9RqQxcEEes=",
        "owner": "nixos",
        "repo": "nixpkgs",
        "rev": "cded5ae4dfc9443edb867537a7ad5b320eb02d79",
        "type": "github"
      },
      "original": {
        "owner": "nixos",
        "ref": "release-22.05",
        "repo": "nixpkgs",
        "type": "github"
      }
    },
    "root": {
      "inputs": {
        "emacs-overlay": "emacs-overlay",
        "fenix": "fenix",
        "flake-utils": "flake-utils_2",
        "naersk": "naersk",
        "nixpkgs": "nixpkgs_3"
      }
    },
    "rust-analyzer-src": {
      "flake": false,
      "locked": {
        "lastModified": 1665438197,
        "narHash": "sha256-uVkoQqUHyeu1j3DucZDmp0w89WaY91eP/p2BmPFIPaY=",
        "owner": "rust-lang",
        "repo": "rust-analyzer",
        "rev": "5d4995191326a3710206d152a710470e196e4466",
        "type": "github"
      },
      "original": {
        "owner": "rust-lang",
        "ref": "nightly",
        "repo": "rust-analyzer",
        "type": "github"
      }
    }
  },
  "root": "root",
  "version": 7
}
