{
  "nodes": {
    "emacs-overlay": {
      "locked": {
        "lastModified": 1631843322,
        "narHash": "sha256-7rWo0xaND/FpXZQ4XLidaOCwqdjz7/x21Qa7Eb9mE3A=",
        "owner": "nix-community",
        "repo": "emacs-overlay",
        "rev": "830dd351b336617e58efe7ee7878959fe78e1927",
        "type": "github"
      },
      "original": {
        "owner": "nix-community",
        "repo": "emacs-overlay",
        "type": "github"
      }
    },
    "flake-utils": {
      "locked": {
        "lastModified": 1631561581,
        "narHash": "sha256-3VQMV5zvxaVLvqqUrNz3iJelLw30mIVSfZmAaauM3dA=",
        "owner": "numtide",
        "repo": "flake-utils",
        "rev": "7e5bf3925f6fbdfaf50a2a7ca0be2879c4261d19",
        "type": "github"
      },
      "original": {
        "owner": "numtide",
        "repo": "flake-utils",
        "type": "github"
      }
    },
    "naersk": {
      "inputs": {
        "nixpkgs": "nixpkgs"
      },
      "locked": {
        "lastModified": 1631004250,
        "narHash": "sha256-LGh0CjAZwh13AVkTi9w9lITEC7x6bwSQyFViOZ6HyNo=",
        "owner": "nmattia",
        "repo": "naersk",
        "rev": "08afb3d1dbfe016108b72e05b02ba0f6ecb3c8e1",
        "type": "github"
      },
      "original": {
        "owner": "nmattia",
        "repo": "naersk",
        "type": "github"
      }
    },
    "nixpkgs": {
      "locked": {
        "lastModified": 1629585535,
        "narHash": "sha256-LF120DB9FgcRDjipwmR6wekMTiwMSIf8e5/pJ2XzOLk=",
        "path": "/nix/store/d6fhd5hr3y0f3g06rrz26pclih9slvgm-source",
        "rev": "422b95f54fe8edc264710cbc3a13ae643e0c5f1e",
        "type": "path"
      },
      "original": {
        "id": "nixpkgs",
        "type": "indirect"
      }
    },
    "nixpkgs_2": {
      "locked": {
        "lastModified": 1631830867,
        "narHash": "sha256-7mas4nl6KnK59i+mlNVrIgR/cOrToU9M1C9waOkRFJE=",
        "owner": "nixos",
        "repo": "nixpkgs",
        "rev": "ebf419e737bb8154b32010a322dcdffbea596443",
        "type": "github"
      },
      "original": {
        "owner": "nixos",
        "ref": "release-21.05",
        "repo": "nixpkgs",
        "type": "github"
      }
    },
    "root": {
      "inputs": {
        "emacs-overlay": "emacs-overlay",
        "flake-utils": "flake-utils",
        "naersk": "naersk",
        "nixpkgs": "nixpkgs_2"
      }
    }
  },
  "root": "root",
  "version": 7
}
