{
  "nodes": {
    "emacs-overlay": {
      "inputs": {
        "flake-utils": "flake-utils",
        "nixpkgs": "nixpkgs"
      },
      "locked": {
        "lastModified": 1654457502,
        "narHash": "sha256-1Gdacyl27j3I4qIzJe8fADO6pAqSQnWszxu2VToPnfw=",
        "owner": "nix-community",
        "repo": "emacs-overlay",
        "rev": "468341ff2164834767efbd5e0f55f942342deaab",
        "type": "github"
      },
      "original": {
        "owner": "nix-community",
        "repo": "emacs-overlay",
        "type": "github"
      }
    },
    "flake-utils": {
      "locked": {
        "lastModified": 1653893745,
        "narHash": "sha256-0jntwV3Z8//YwuOjzhV2sgJJPt+HY6KhU7VZUL0fKZQ=",
        "owner": "numtide",
        "repo": "flake-utils",
        "rev": "1ed9fb1935d260de5fe1c2f7ee0ebaae17ed2fa1",
        "type": "github"
      },
      "original": {
        "owner": "numtide",
        "repo": "flake-utils",
        "type": "github"
      }
    },
    "nixpkgs": {
      "locked": {
        "lastModified": 1640053457,
        "narHash": "sha256-oEW6t3pAA+ka8nEof4aOce4UtF7GhGSvKpeuKRcEyqM=",
        "path": "/nix/store/xng23x0hckwiqd7q9km7gf1cmhnmw7j5-source",
        "rev": "9aeb6f081840e084d7d9f612dc8182c19bed1e92",
        "type": "path"
      },
      "original": {
        "id": "nixpkgs",
        "type": "indirect"
      }
    },
    "nixpkgs_2": {
      "locked": {
        "lastModified": 1654464531,
        "narHash": "sha256-EKqyLXo171SEPnqcDHQnOLaSXIWWpatsgaJTGM0Tdjg=",
        "owner": "nixos",
        "repo": "nixpkgs",
        "rev": "b5243a0c099cecfa284065ff7076c6ce5ffb8d93",
        "type": "github"
      },
      "original": {
        "owner": "nixos",
        "ref": "release-22.05",
        "repo": "nixpkgs",
        "type": "github"
      }
    },
    "root": {
      "inputs": {
        "emacs-overlay": "emacs-overlay",
        "nixpkgs": "nixpkgs_2"
      }
    }
  },
  "root": "root",
  "version": 7
}
