{
  "nodes": {
    "emacs-overlay": {
      "inputs": {
        "flake-utils": "flake-utils",
        "nixpkgs": "nixpkgs"
      },
      "locked": {
        "lastModified": 1666900021,
        "narHash": "sha256-KEDx6LhRMxEdLXL1jF1LNIm+QCtOCcKcFmTJrA/iU3E=",
        "owner": "nix-community",
        "repo": "emacs-overlay",
        "rev": "b3f81bcbda84bf2ef957cfff6cf89aedbdfa2be9",
        "type": "github"
      },
      "original": {
        "owner": "nix-community",
        "repo": "emacs-overlay",
        "type": "github"
      }
    },
    "flake-utils": {
      "locked": {
        "lastModified": 1659877975,
        "narHash": "sha256-zllb8aq3YO3h8B/U0/J1WBgAL8EX5yWf5pMj3G0NAmc=",
        "owner": "numtide",
        "repo": "flake-utils",
        "rev": "c0e246b9b83f637f4681389ecabcb2681b4f3af0",
        "type": "github"
      },
      "original": {
        "owner": "numtide",
        "repo": "flake-utils",
        "type": "github"
      }
    },
    "flake-utils_2": {
      "locked": {
        "lastModified": 1659877975,
        "narHash": "sha256-zllb8aq3YO3h8B/U0/J1WBgAL8EX5yWf5pMj3G0NAmc=",
        "owner": "numtide",
        "repo": "flake-utils",
        "rev": "c0e246b9b83f637f4681389ecabcb2681b4f3af0",
        "type": "github"
      },
      "original": {
        "owner": "numtide",
        "repo": "flake-utils",
        "type": "github"
      }
    },
    "nixpkgs": {
      "locked": {
        "lastModified": 1666722780,
        "narHash": "sha256-UpGlFoJMbik+XItmPwoWFrQqOilMIclPrc7Iedt1YaM=",
        "path": "/nix/store/5gdgbbinhc2cv2grfn0x5rzd3ikj8vm4-source",
        "rev": "b2399a81902a5fa37f691a289fb2c33c1d64036c",
        "type": "path"
      },
      "original": {
        "id": "nixpkgs",
        "type": "indirect"
      }
    },
    "nixpkgs_2": {
      "locked": {
        "lastModified": 1666907825,
        "narHash": "sha256-XQZx4mkWw+g/PtFuq8faCB4YjwZE+JheQLkcOPB6FD4=",
        "owner": "nixos",
        "repo": "nixpkgs",
        "rev": "86a34577e278d276ee5173e6b74c57afde879a6d",
        "type": "github"
      },
      "original": {
        "owner": "nixos",
        "ref": "release-22.05",
        "repo": "nixpkgs",
        "type": "github"
      }
    },
    "root": {
      "inputs": {
        "emacs-overlay": "emacs-overlay",
        "flake-utils": "flake-utils_2",
        "nixpkgs": "nixpkgs_2"
      }
    }
  },
  "root": "root",
  "version": 7
}
